
Microsoft Visual Studio Solution File, Format Version 12.00
# Visual Studio Version 17
VisualStudioVersion = 17.7.34024.191
MinimumVisualStudioVersion = 10.0.40219.1
Project("{F184B08F-C81C-45F6-A57F-5ABD9991F28F}") = "SQLWinFormUygulaması", "SQLWinFormUygulaması\SQLWinFormUygulaması.vbproj", "{ABD1BA5D-E4DE-4DCB-AC34-3E3D28B4FB4A}"
EndProject
Global
	GlobalSection(SolutionConfigurationPlatforms) = preSolution
		Debug|Any CPU = Debug|Any CPU
		Release|Any CPU = Release|Any CPU
	EndGlobalSection
	GlobalSection(ProjectConfigurationPlatforms) = postSolution
		{ABD1BA5D-E4DE-4DCB-AC34-3E3D28B4FB4A}.Debug|Any CPU.ActiveCfg = Debug|Any CPU
		{ABD1BA5D-E4DE-4DCB-AC34-3E3D28B4FB4A}.Debug|Any CPU.Build.0 = Debug|Any CPU
		{ABD1BA5D-E4DE-4DCB-AC34-3E3D28B4FB4A}.Release|Any CPU.ActiveCfg = Release|Any CPU
		{ABD1BA5D-E4DE-4DCB-AC34-3E3D28B4FB4A}.Release|Any CPU.Build.0 = Release|Any CPU
	EndGlobalSection
	GlobalSection(SolutionProperties) = preSolution
		HideSolutionNode = FALSE
	EndGlobalSection
	GlobalSection(ExtensibilityGlobals) = postSolution
		SolutionGuid = {6748CFB8-D969-4845-A562-291371D149BA}
	EndGlobalSection
EndGlobal
